// !$*UTF8*$!
{
	archiveVersion = 1;
	classes = {
	};
	objectVersion = 55;
	objects = {

/* Begin PBXBuildFile section */
		028BE264BB9BA223DA964B40 /* Pods_ScalioTest.framework in Frameworks */ = {isa = PBXBuildFile; fileRef = 506662C5AE80EFDA9DA07F0A /* Pods_ScalioTest.framework */; };
		2A0CF391629DEA64AE76C5ED /* Pods_ScalioTest_ScalioTestUITests.framework in Frameworks */ = {isa = PBXBuildFile; fileRef = 31FC2B593362D0BE6B6709A2 /* Pods_ScalioTest_ScalioTestUITests.framework */; };
		909190B183F67D28F790229F /* Pods_ScalioTestTests.framework in Frameworks */ = {isa = PBXBuildFile; fileRef = 23C9E5C7A5E9A968D23130E0 /* Pods_ScalioTestTests.framework */; };
		AF0421B128227276001DF919 /* NetworkTests.swift in Sources */ = {isa = PBXBuildFile; fileRef = AF0421B028227276001DF919 /* NetworkTests.swift */; };
		AF6C14E1280B066F00482437 /* GitAPI.swift in Sources */ = {isa = PBXBuildFile; fileRef = AF6C14E0280B066F00482437 /* GitAPI.swift */; };
		AF6C14E3280B19FA00482437 /* GitProfileParser.swift in Sources */ = {isa = PBXBuildFile; fileRef = AF6C14E2280B19F900482437 /* GitProfileParser.swift */; };
		AF6C14E6280B1DBF00482437 /* GitProfileModel.swift in Sources */ = {isa = PBXBuildFile; fileRef = AF6C14E5280B1DBF00482437 /* GitProfileModel.swift */; };
		AF6C14E8280C322200482437 /* userCell.xib in Resources */ = {isa = PBXBuildFile; fileRef = AF6C14E7280C322100482437 /* userCell.xib */; };
		AF6C14EA280C33F400482437 /* ResultTableViewCell.swift in Sources */ = {isa = PBXBuildFile; fileRef = AF6C14E9280C33F400482437 /* ResultTableViewCell.swift */; };
		AF6C14EC280C599F00482437 /* GitData.swift in Sources */ = {isa = PBXBuildFile; fileRef = AF6C14EB280C599F00482437 /* GitData.swift */; };
		AF6C14EE280C5DD700482437 /* Errors.swift in Sources */ = {isa = PBXBuildFile; fileRef = AF6C14ED280C5DD700482437 /* Errors.swift */; };
		AF6C14F0280C5F7700482437 /* ConnectivityErr.swift in Sources */ = {isa = PBXBuildFile; fileRef = AF6C14EF280C5F7700482437 /* ConnectivityErr.swift */; };
		AF6C14F2280C8A8500482437 /* UserCellViewModel.swift in Sources */ = {isa = PBXBuildFile; fileRef = AF6C14F1280C8A8500482437 /* UserCellViewModel.swift */; };
		AF6C14F4280C9A8D00482437 /* PageController.swift in Sources */ = {isa = PBXBuildFile; fileRef = AF6C14F3280C9A8D00482437 /* PageController.swift */; };
		AF6C14F6280D937E00482437 /* HomeViewModel.swift in Sources */ = {isa = PBXBuildFile; fileRef = AF6C14F5280D937E00482437 /* HomeViewModel.swift */; };
		AF748317281DD4A000769A76 /* Dongle-Regular.ttf in Resources */ = {isa = PBXBuildFile; fileRef = AF748314281DD49E00769A76 /* Dongle-Regular.ttf */; };
		AF748318281DD4A000769A76 /* Dongle-Light.ttf in Resources */ = {isa = PBXBuildFile; fileRef = AF748315281DD49F00769A76 /* Dongle-Light.ttf */; };
		AF748319281DD4A000769A76 /* Dongle-Bold.ttf in Resources */ = {isa = PBXBuildFile; fileRef = AF748316281DD49F00769A76 /* Dongle-Bold.ttf */; };
		AF74831B2820797600769A76 /* Constants.swift in Sources */ = {isa = PBXBuildFile; fileRef = AF74831A2820797500769A76 /* Constants.swift */; };
		AFB76D7828076F13003D9365 /* AppDelegate.swift in Sources */ = {isa = PBXBuildFile; fileRef = AFB76D7728076F13003D9365 /* AppDelegate.swift */; };
		AFB76D7C28076F13003D9365 /* HomeViewController.swift in Sources */ = {isa = PBXBuildFile; fileRef = AFB76D7B28076F13003D9365 /* HomeViewController.swift */; };
		AFB76D8128076F16003D9365 /* Assets.xcassets in Resources */ = {isa = PBXBuildFile; fileRef = AFB76D8028076F16003D9365 /* Assets.xcassets */; };
		AFB76D8428076F16003D9365 /* LaunchScreen.storyboard in Resources */ = {isa = PBXBuildFile; fileRef = AFB76D8228076F16003D9365 /* LaunchScreen.storyboard */; };
		AFB76D8F28076F17003D9365 /* ScalioTestTests.swift in Sources */ = {isa = PBXBuildFile; fileRef = AFB76D8E28076F17003D9365 /* ScalioTestTests.swift */; };
		AFB76D9928076F17003D9365 /* ScalioTestUITests.swift in Sources */ = {isa = PBXBuildFile; fileRef = AFB76D9828076F17003D9365 /* ScalioTestUITests.swift */; };
		AFB76D9B28076F17003D9365 /* ScalioTestUITestsLaunchTests.swift in Sources */ = {isa = PBXBuildFile; fileRef = AFB76D9A28076F17003D9365 /* ScalioTestUITestsLaunchTests.swift */; };
/* End PBXBuildFile section */

/* Begin PBXContainerItemProxy section */
		AFB76D8B28076F17003D9365 /* PBXContainerItemProxy */ = {
			isa = PBXContainerItemProxy;
			containerPortal = AFB76D6C28076F13003D9365 /* Project object */;
			proxyType = 1;
			remoteGlobalIDString = AFB76D7328076F13003D9365;
			remoteInfo = ScalioTest;
		};
		AFB76D9528076F17003D9365 /* PBXContainerItemProxy */ = {
			isa = PBXContainerItemProxy;
			containerPortal = AFB76D6C28076F13003D9365 /* Project object */;
			proxyType = 1;
			remoteGlobalIDString = AFB76D7328076F13003D9365;
			remoteInfo = ScalioTest;
		};
/* End PBXContainerItemProxy section */

/* Begin PBXFileReference section */
		23C9E5C7A5E9A968D23130E0 /* Pods_ScalioTestTests.framework */ = {isa = PBXFileReference; explicitFileType = wrapper.framework; includeInIndex = 0; path = Pods_ScalioTestTests.framework; sourceTree = BUILT_PRODUCTS_DIR; };
		31FC2B593362D0BE6B6709A2 /* Pods_ScalioTest_ScalioTestUITests.framework */ = {isa = PBXFileReference; explicitFileType = wrapper.framework; includeInIndex = 0; path = Pods_ScalioTest_ScalioTestUITests.framework; sourceTree = BUILT_PRODUCTS_DIR; };
		34D444B1C8A12011E8E4D0C3 /* Pods-ScalioTest.release.xcconfig */ = {isa = PBXFileReference; includeInIndex = 1; lastKnownFileType = text.xcconfig; name = "Pods-ScalioTest.release.xcconfig"; path = "Target Support Files/Pods-ScalioTest/Pods-ScalioTest.release.xcconfig"; sourceTree = "<group>"; };
		3B7799FD1CA617FDBFD234EE /* Pods-ScalioTestTests.release.xcconfig */ = {isa = PBXFileReference; includeInIndex = 1; lastKnownFileType = text.xcconfig; name = "Pods-ScalioTestTests.release.xcconfig"; path = "Target Support Files/Pods-ScalioTestTests/Pods-ScalioTestTests.release.xcconfig"; sourceTree = "<group>"; };
		4F4DFF2834FDD0CAFCA23B10 /* Pods-ScalioTest-ScalioTestUITests.debug.xcconfig */ = {isa = PBXFileReference; includeInIndex = 1; lastKnownFileType = text.xcconfig; name = "Pods-ScalioTest-ScalioTestUITests.debug.xcconfig"; path = "Target Support Files/Pods-ScalioTest-ScalioTestUITests/Pods-ScalioTest-ScalioTestUITests.debug.xcconfig"; sourceTree = "<group>"; };
		506662C5AE80EFDA9DA07F0A /* Pods_ScalioTest.framework */ = {isa = PBXFileReference; explicitFileType = wrapper.framework; includeInIndex = 0; path = Pods_ScalioTest.framework; sourceTree = BUILT_PRODUCTS_DIR; };
		6B3F22A94B8B6DA5E441236F /* Pods-ScalioTest.debug.xcconfig */ = {isa = PBXFileReference; includeInIndex = 1; lastKnownFileType = text.xcconfig; name = "Pods-ScalioTest.debug.xcconfig"; path = "Target Support Files/Pods-ScalioTest/Pods-ScalioTest.debug.xcconfig"; sourceTree = "<group>"; };
		9A11E9013C25EB39BCD072BC /* Pods-ScalioTest-ScalioTestUITests.release.xcconfig */ = {isa = PBXFileReference; includeInIndex = 1; lastKnownFileType = text.xcconfig; name = "Pods-ScalioTest-ScalioTestUITests.release.xcconfig"; path = "Target Support Files/Pods-ScalioTest-ScalioTestUITests/Pods-ScalioTest-ScalioTestUITests.release.xcconfig"; sourceTree = "<group>"; };
		AF0421B028227276001DF919 /* NetworkTests.swift */ = {isa = PBXFileReference; lastKnownFileType = sourcecode.swift; path = NetworkTests.swift; sourceTree = "<group>"; };
		AF6C14E0280B066F00482437 /* GitAPI.swift */ = {isa = PBXFileReference; lastKnownFileType = sourcecode.swift; path = GitAPI.swift; sourceTree = "<group>"; };
		AF6C14E2280B19F900482437 /* GitProfileParser.swift */ = {isa = PBXFileReference; lastKnownFileType = sourcecode.swift; path = GitProfileParser.swift; sourceTree = "<group>"; };
		AF6C14E5280B1DBF00482437 /* GitProfileModel.swift */ = {isa = PBXFileReference; lastKnownFileType = sourcecode.swift; path = GitProfileModel.swift; sourceTree = "<group>"; };
		AF6C14E7280C322100482437 /* userCell.xib */ = {isa = PBXFileReference; lastKnownFileType = file.xib; path = userCell.xib; sourceTree = "<group>"; };
		AF6C14E9280C33F400482437 /* ResultTableViewCell.swift */ = {isa = PBXFileReference; lastKnownFileType = sourcecode.swift; path = ResultTableViewCell.swift; sourceTree = "<group>"; };
		AF6C14EB280C599F00482437 /* GitData.swift */ = {isa = PBXFileReference; lastKnownFileType = sourcecode.swift; path = GitData.swift; sourceTree = "<group>"; };
		AF6C14ED280C5DD700482437 /* Errors.swift */ = {isa = PBXFileReference; lastKnownFileType = sourcecode.swift; path = Errors.swift; sourceTree = "<group>"; };
		AF6C14EF280C5F7700482437 /* ConnectivityErr.swift */ = {isa = PBXFileReference; lastKnownFileType = sourcecode.swift; path = ConnectivityErr.swift; sourceTree = "<group>"; };
		AF6C14F1280C8A8500482437 /* UserCellViewModel.swift */ = {isa = PBXFileReference; lastKnownFileType = sourcecode.swift; path = UserCellViewModel.swift; sourceTree = "<group>"; };
		AF6C14F3280C9A8D00482437 /* PageController.swift */ = {isa = PBXFileReference; lastKnownFileType = sourcecode.swift; path = PageController.swift; sourceTree = "<group>"; };
		AF6C14F5280D937E00482437 /* HomeViewModel.swift */ = {isa = PBXFileReference; lastKnownFileType = sourcecode.swift; path = HomeViewModel.swift; sourceTree = "<group>"; };
		AF748314281DD49E00769A76 /* Dongle-Regular.ttf */ = {isa = PBXFileReference; lastKnownFileType = file; path = "Dongle-Regular.ttf"; sourceTree = "<group>"; };
		AF748315281DD49F00769A76 /* Dongle-Light.ttf */ = {isa = PBXFileReference; lastKnownFileType = file; path = "Dongle-Light.ttf"; sourceTree = "<group>"; };
		AF748316281DD49F00769A76 /* Dongle-Bold.ttf */ = {isa = PBXFileReference; lastKnownFileType = file; path = "Dongle-Bold.ttf"; sourceTree = "<group>"; };
		AF74831A2820797500769A76 /* Constants.swift */ = {isa = PBXFileReference; lastKnownFileType = sourcecode.swift; path = Constants.swift; sourceTree = "<group>"; };
		AFB76D7428076F13003D9365 /* ScalioTest.app */ = {isa = PBXFileReference; explicitFileType = wrapper.application; includeInIndex = 0; path = ScalioTest.app; sourceTree = BUILT_PRODUCTS_DIR; };
		AFB76D7728076F13003D9365 /* AppDelegate.swift */ = {isa = PBXFileReference; lastKnownFileType = sourcecode.swift; path = AppDelegate.swift; sourceTree = "<group>"; };
		AFB76D7B28076F13003D9365 /* HomeViewController.swift */ = {isa = PBXFileReference; lastKnownFileType = sourcecode.swift; path = HomeViewController.swift; sourceTree = "<group>"; };
		AFB76D8028076F16003D9365 /* Assets.xcassets */ = {isa = PBXFileReference; lastKnownFileType = folder.assetcatalog; path = Assets.xcassets; sourceTree = "<group>"; };
		AFB76D8328076F16003D9365 /* Base */ = {isa = PBXFileReference; lastKnownFileType = file.storyboard; name = Base; path = Base.lproj/LaunchScreen.storyboard; sourceTree = "<group>"; };
		AFB76D8528076F16003D9365 /* Info.plist */ = {isa = PBXFileReference; lastKnownFileType = text.plist.xml; path = Info.plist; sourceTree = "<group>"; };
		AFB76D8A28076F17003D9365 /* ScalioTestTests.xctest */ = {isa = PBXFileReference; explicitFileType = wrapper.cfbundle; includeInIndex = 0; path = ScalioTestTests.xctest; sourceTree = BUILT_PRODUCTS_DIR; };
		AFB76D8E28076F17003D9365 /* ScalioTestTests.swift */ = {isa = PBXFileReference; lastKnownFileType = sourcecode.swift; path = ScalioTestTests.swift; sourceTree = "<group>"; };
		AFB76D9428076F17003D9365 /* ScalioTestUITests.xctest */ = {isa = PBXFileReference; explicitFileType = wrapper.cfbundle; includeInIndex = 0; path = ScalioTestUITests.xctest; sourceTree = BUILT_PRODUCTS_DIR; };
		AFB76D9828076F17003D9365 /* ScalioTestUITests.swift */ = {isa = PBXFileReference; lastKnownFileType = sourcecode.swift; path = ScalioTestUITests.swift; sourceTree = "<group>"; };
		AFB76D9A28076F17003D9365 /* ScalioTestUITestsLaunchTests.swift */ = {isa = PBXFileReference; lastKnownFileType = sourcecode.swift; path = ScalioTestUITestsLaunchTests.swift; sourceTree = "<group>"; };
		FDBEF53E81F884A28CE29A26 /* Pods-ScalioTestTests.debug.xcconfig */ = {isa = PBXFileReference; includeInIndex = 1; lastKnownFileType = text.xcconfig; name = "Pods-ScalioTestTests.debug.xcconfig"; path = "Target Support Files/Pods-ScalioTestTests/Pods-ScalioTestTests.debug.xcconfig"; sourceTree = "<group>"; };
/* End PBXFileReference section */

/* Begin PBXFrameworksBuildPhase section */
		AFB76D7128076F13003D9365 /* Frameworks */ = {
			isa = PBXFrameworksBuildPhase;
			buildActionMask = 2147483647;
			files = (
				028BE264BB9BA223DA964B40 /* Pods_ScalioTest.framework in Frameworks */,
			);
			runOnlyForDeploymentPostprocessing = 0;
		};
		AFB76D8728076F17003D9365 /* Frameworks */ = {
			isa = PBXFrameworksBuildPhase;
			buildActionMask = 2147483647;
			files = (
				909190B183F67D28F790229F /* Pods_ScalioTestTests.framework in Frameworks */,
			);
			runOnlyForDeploymentPostprocessing = 0;
		};
		AFB76D9128076F17003D9365 /* Frameworks */ = {
			isa = PBXFrameworksBuildPhase;
			buildActionMask = 2147483647;
			files = (
				2A0CF391629DEA64AE76C5ED /* Pods_ScalioTest_ScalioTestUITests.framework in Frameworks */,
			);
			runOnlyForDeploymentPostprocessing = 0;
		};
/* End PBXFrameworksBuildPhase section */

/* Begin PBXGroup section */
		36110A0E125ECA0325148D44 /* Pods */ = {
			isa = PBXGroup;
			children = (
				6B3F22A94B8B6DA5E441236F /* Pods-ScalioTest.debug.xcconfig */,
				34D444B1C8A12011E8E4D0C3 /* Pods-ScalioTest.release.xcconfig */,
				4F4DFF2834FDD0CAFCA23B10 /* Pods-ScalioTest-ScalioTestUITests.debug.xcconfig */,
				9A11E9013C25EB39BCD072BC /* Pods-ScalioTest-ScalioTestUITests.release.xcconfig */,
				FDBEF53E81F884A28CE29A26 /* Pods-ScalioTestTests.debug.xcconfig */,
				3B7799FD1CA617FDBFD234EE /* Pods-ScalioTestTests.release.xcconfig */,
			);
			path = Pods;
			sourceTree = "<group>";
		};
		AF0421A828226AC8001DF919 /* UI */ = {
			isa = PBXGroup;
			children = (
				AF0421AB28226B17001DF919 /* Components */,
			);
			path = UI;
			sourceTree = "<group>";
		};
		AF0421AB28226B17001DF919 /* Components */ = {
			isa = PBXGroup;
			children = (
				AFB76D7B28076F13003D9365 /* HomeViewController.swift */,
				AF0421AC28226B42001DF919 /* SearchComponent */,
				AF0421AD28226B4F001DF919 /* ResultsComponent */,
			);
			path = Components;
			sourceTree = "<group>";
		};
		AF0421AC28226B42001DF919 /* SearchComponent */ = {
			isa = PBXGroup;
			children = (
				AF6C14F5280D937E00482437 /* HomeViewModel.swift */,
			);
			path = SearchComponent;
			sourceTree = "<group>";
		};
		AF0421AD28226B4F001DF919 /* ResultsComponent */ = {
			isa = PBXGroup;
			children = (
				AF6C14F1280C8A8500482437 /* UserCellViewModel.swift */,
				AF6C14E9280C33F400482437 /* ResultTableViewCell.swift */,
				AF6C14E7280C322100482437 /* userCell.xib */,
			);
			path = ResultsComponent;
			sourceTree = "<group>";
		};
		AF0421AE28226CA3001DF919 /* Constants */ = {
			isa = PBXGroup;
			children = (
				AF74831A2820797500769A76 /* Constants.swift */,
			);
			path = Constants;
			sourceTree = "<group>";
		};
		AF0421AF28226CD5001DF919 /* Utils */ = {
			isa = PBXGroup;
			children = (
				AFB76D8028076F16003D9365 /* Assets.xcassets */,
				AF748313281DD35E00769A76 /* Fonts */,
			);
			path = Utils;
			sourceTree = "<group>";
		};
		AF6C14DF280B062D00482437 /* Networking */ = {
			isa = PBXGroup;
			children = (
				AF6C14E0280B066F00482437 /* GitAPI.swift */,
				AF6C14E2280B19F900482437 /* GitProfileParser.swift */,
				AF6C14EB280C599F00482437 /* GitData.swift */,
				AF6C14ED280C5DD700482437 /* Errors.swift */,
				AF6C14EF280C5F7700482437 /* ConnectivityErr.swift */,
				AF6C14F3280C9A8D00482437 /* PageController.swift */,
			);
			path = Networking;
			sourceTree = "<group>";
		};
		AF6C14E4280B1D6B00482437 /* Model */ = {
			isa = PBXGroup;
			children = (
				AF6C14E5280B1DBF00482437 /* GitProfileModel.swift */,
			);
			path = Model;
			sourceTree = "<group>";
		};
		AF748313281DD35E00769A76 /* Fonts */ = {
			isa = PBXGroup;
			children = (
				AF748316281DD49F00769A76 /* Dongle-Bold.ttf */,
				AF748315281DD49F00769A76 /* Dongle-Light.ttf */,
				AF748314281DD49E00769A76 /* Dongle-Regular.ttf */,
			);
			path = Fonts;
			sourceTree = "<group>";
		};
		AFB76D6B28076F13003D9365 = {
			isa = PBXGroup;
			children = (
				AFB76D7628076F13003D9365 /* ScalioTest */,
				AFB76D8D28076F17003D9365 /* ScalioTestTests */,
				AFB76D9728076F17003D9365 /* ScalioTestUITests */,
				AFB76D7528076F13003D9365 /* Products */,
				36110A0E125ECA0325148D44 /* Pods */,
				D5BFED6314A500D99FAC9AAE /* Frameworks */,
			);
			sourceTree = "<group>";
		};
		AFB76D7528076F13003D9365 /* Products */ = {
			isa = PBXGroup;
			children = (
				AFB76D7428076F13003D9365 /* ScalioTest.app */,
				AFB76D8A28076F17003D9365 /* ScalioTestTests.xctest */,
				AFB76D9428076F17003D9365 /* ScalioTestUITests.xctest */,
			);
			name = Products;
			sourceTree = "<group>";
		};
		AFB76D7628076F13003D9365 /* ScalioTest */ = {
			isa = PBXGroup;
			children = (
				AF0421AF28226CD5001DF919 /* Utils */,
				AF0421AE28226CA3001DF919 /* Constants */,
				AF0421A828226AC8001DF919 /* UI */,
				AF6C14E4280B1D6B00482437 /* Model */,
				AF6C14DF280B062D00482437 /* Networking */,
				AFB76D7728076F13003D9365 /* AppDelegate.swift */,
				AFB76D8228076F16003D9365 /* LaunchScreen.storyboard */,
				AFB76D8528076F16003D9365 /* Info.plist */,
			);
			path = ScalioTest;
			sourceTree = "<group>";
		};
		AFB76D8D28076F17003D9365 /* ScalioTestTests */ = {
			isa = PBXGroup;
			children = (
				AFB76D8E28076F17003D9365 /* ScalioTestTests.swift */,
				AF0421B028227276001DF919 /* NetworkTests.swift */,
			);
			path = ScalioTestTests;
			sourceTree = "<group>";
		};
		AFB76D9728076F17003D9365 /* ScalioTestUITests */ = {
			isa = PBXGroup;
			children = (
				AFB76D9828076F17003D9365 /* ScalioTestUITests.swift */,
				AFB76D9A28076F17003D9365 /* ScalioTestUITestsLaunchTests.swift */,
			);
			path = ScalioTestUITests;
			sourceTree = "<group>";
		};
		D5BFED6314A500D99FAC9AAE /* Frameworks */ = {
			isa = PBXGroup;
			children = (
				506662C5AE80EFDA9DA07F0A /* Pods_ScalioTest.framework */,
				31FC2B593362D0BE6B6709A2 /* Pods_ScalioTest_ScalioTestUITests.framework */,
				23C9E5C7A5E9A968D23130E0 /* Pods_ScalioTestTests.framework */,
			);
			name = Frameworks;
			sourceTree = "<group>";
		};
/* End PBXGroup section */

/* Begin PBXNativeTarget section */
		AFB76D7328076F13003D9365 /* ScalioTest */ = {
			isa = PBXNativeTarget;
			buildConfigurationList = AFB76D9E28076F17003D9365 /* Build configuration list for PBXNativeTarget "ScalioTest" */;
			buildPhases = (
				7DA555712B795CC6654E1988 /* [CP] Check Pods Manifest.lock */,
				AFB76D7028076F13003D9365 /* Sources */,
				AFB76D7128076F13003D9365 /* Frameworks */,
				AFB76D7228076F13003D9365 /* Resources */,
				D49F4B9C2DAB4D9A91079359 /* [CP] Embed Pods Frameworks */,
			);
			buildRules = (
			);
			dependencies = (
			);
			name = ScalioTest;
			productName = ScalioTest;
			productReference = AFB76D7428076F13003D9365 /* ScalioTest.app */;
			productType = "com.apple.product-type.application";
		};
		AFB76D8928076F17003D9365 /* ScalioTestTests */ = {
			isa = PBXNativeTarget;
			buildConfigurationList = AFB76DA128076F17003D9365 /* Build configuration list for PBXNativeTarget "ScalioTestTests" */;
			buildPhases = (
				D0704289C8EE225FB2DC7468 /* [CP] Check Pods Manifest.lock */,
				AFB76D8628076F17003D9365 /* Sources */,
				AFB76D8728076F17003D9365 /* Frameworks */,
				AFB76D8828076F17003D9365 /* Resources */,
			);
			buildRules = (
			);
			dependencies = (
				AFB76D8C28076F17003D9365 /* PBXTargetDependency */,
			);
			name = ScalioTestTests;
			productName = ScalioTestTests;
			productReference = AFB76D8A28076F17003D9365 /* ScalioTestTests.xctest */;
			productType = "com.apple.product-type.bundle.unit-test";
		};
		AFB76D9328076F17003D9365 /* ScalioTestUITests */ = {
			isa = PBXNativeTarget;
			buildConfigurationList = AFB76DA428076F17003D9365 /* Build configuration list for PBXNativeTarget "ScalioTestUITests" */;
			buildPhases = (
				BFC5652BA4B5570296928680 /* [CP] Check Pods Manifest.lock */,
				AFB76D9028076F17003D9365 /* Sources */,
				AFB76D9128076F17003D9365 /* Frameworks */,
				AFB76D9228076F17003D9365 /* Resources */,
				FC4F34734E6E7C9BAA6F65BF /* [CP] Embed Pods Frameworks */,
			);
			buildRules = (
			);
			dependencies = (
				AFB76D9628076F17003D9365 /* PBXTargetDependency */,
			);
			name = ScalioTestUITests;
			productName = ScalioTestUITests;
			productReference = AFB76D9428076F17003D9365 /* ScalioTestUITests.xctest */;
			productType = "com.apple.product-type.bundle.ui-testing";
		};
/* End PBXNativeTarget section */

/* Begin PBXProject section */
		AFB76D6C28076F13003D9365 /* Project object */ = {
			isa = PBXProject;
			attributes = {
				BuildIndependentTargetsInParallel = 1;
				LastSwiftUpdateCheck = 1330;
				LastUpgradeCheck = 1330;
				TargetAttributes = {
					AFB76D7328076F13003D9365 = {
						CreatedOnToolsVersion = 13.3.1;
					};
					AFB76D8928076F17003D9365 = {
						CreatedOnToolsVersion = 13.3.1;
						TestTargetID = AFB76D7328076F13003D9365;
					};
					AFB76D9328076F17003D9365 = {
						CreatedOnToolsVersion = 13.3.1;
						TestTargetID = AFB76D7328076F13003D9365;
					};
				};
			};
			buildConfigurationList = AFB76D6F28076F13003D9365 /* Build configuration list for PBXProject "ScalioTest" */;
			compatibilityVersion = "Xcode 13.0";
			developmentRegion = en;
			hasScannedForEncodings = 0;
			knownRegions = (
				en,
				Base,
			);
			mainGroup = AFB76D6B28076F13003D9365;
			productRefGroup = AFB76D7528076F13003D9365 /* Products */;
			projectDirPath = "";
			projectRoot = "";
			targets = (
				AFB76D7328076F13003D9365 /* ScalioTest */,
				AFB76D8928076F17003D9365 /* ScalioTestTests */,
				AFB76D9328076F17003D9365 /* ScalioTestUITests */,
			);
		};
/* End PBXProject section */

/* Begin PBXResourcesBuildPhase section */
		AFB76D7228076F13003D9365 /* Resources */ = {
			isa = PBXResourcesBuildPhase;
			buildActionMask = 2147483647;
			files = (
				AF6C14E8280C322200482437 /* userCell.xib in Resources */,
				AFB76D8428076F16003D9365 /* LaunchScreen.storyboard in Resources */,
				AF748319281DD4A000769A76 /* Dongle-Bold.ttf in Resources */,
				AF748318281DD4A000769A76 /* Dongle-Light.ttf in Resources */,
				AF748317281DD4A000769A76 /* Dongle-Regular.ttf in Resources */,
				AFB76D8128076F16003D9365 /* Assets.xcassets in Resources */,
			);
			runOnlyForDeploymentPostprocessing = 0;
		};
		AFB76D8828076F17003D9365 /* Resources */ = {
			isa = PBXResourcesBuildPhase;
			buildActionMask = 2147483647;
			files = (
			);
			runOnlyForDeploymentPostprocessing = 0;
		};
		AFB76D9228076F17003D9365 /* Resources */ = {
			isa = PBXResourcesBuildPhase;
			buildActionMask = 2147483647;
			files = (
			);
			runOnlyForDeploymentPostprocessing = 0;
		};
/* End PBXResourcesBuildPhase section */

/* Begin PBXShellScriptBuildPhase section */
		7DA555712B795CC6654E1988 /* [CP] Check Pods Manifest.lock */ = {
			isa = PBXShellScriptBuildPhase;
			buildActionMask = 2147483647;
			files = (
			);
			inputFileListPaths = (
			);
			inputPaths = (
				"${PODS_PODFILE_DIR_PATH}/Podfile.lock",
				"${PODS_ROOT}/Manifest.lock",
			);
			name = "[CP] Check Pods Manifest.lock";
			outputFileListPaths = (
			);
			outputPaths = (
				"$(DERIVED_FILE_DIR)/Pods-ScalioTest-checkManifestLockResult.txt",
			);
			runOnlyForDeploymentPostprocessing = 0;
			shellPath = /bin/sh;
			shellScript = "diff \"${PODS_PODFILE_DIR_PATH}/Podfile.lock\" \"${PODS_ROOT}/Manifest.lock\" > /dev/null\nif [ $? != 0 ] ; then\n    # print error to STDERR\n    echo \"error: The sandbox is not in sync with the Podfile.lock. Run 'pod install' or update your CocoaPods installation.\" >&2\n    exit 1\nfi\n# This output is used by Xcode 'outputs' to avoid re-running this script phase.\necho \"SUCCESS\" > \"${SCRIPT_OUTPUT_FILE_0}\"\n";
			showEnvVarsInLog = 0;
		};
		BFC5652BA4B5570296928680 /* [CP] Check Pods Manifest.lock */ = {
			isa = PBXShellScriptBuildPhase;
			buildActionMask = 2147483647;
			files = (
			);
			inputFileListPaths = (
			);
			inputPaths = (
				"${PODS_PODFILE_DIR_PATH}/Podfile.lock",
				"${PODS_ROOT}/Manifest.lock",
			);
			name = "[CP] Check Pods Manifest.lock";
			outputFileListPaths = (
			);
			outputPaths = (
				"$(DERIVED_FILE_DIR)/Pods-ScalioTest-ScalioTestUITests-checkManifestLockResult.txt",
			);
			runOnlyForDeploymentPostprocessing = 0;
			shellPath = /bin/sh;
			shellScript = "diff \"${PODS_PODFILE_DIR_PATH}/Podfile.lock\" \"${PODS_ROOT}/Manifest.lock\" > /dev/null\nif [ $? != 0 ] ; then\n    # print error to STDERR\n    echo \"error: The sandbox is not in sync with the Podfile.lock. Run 'pod install' or update your CocoaPods installation.\" >&2\n    exit 1\nfi\n# This output is used by Xcode 'outputs' to avoid re-running this script phase.\necho \"SUCCESS\" > \"${SCRIPT_OUTPUT_FILE_0}\"\n";
			showEnvVarsInLog = 0;
		};
		D0704289C8EE225FB2DC7468 /* [CP] Check Pods Manifest.lock */ = {
			isa = PBXShellScriptBuildPhase;
			buildActionMask = 2147483647;
			files = (
			);
			inputFileListPaths = (
			);
			inputPaths = (
				"${PODS_PODFILE_DIR_PATH}/Podfile.lock",
				"${PODS_ROOT}/Manifest.lock",
			);
			name = "[CP] Check Pods Manifest.lock";
			outputFileListPaths = (
			);
			outputPaths = (
				"$(DERIVED_FILE_DIR)/Pods-ScalioTestTests-checkManifestLockResult.txt",
			);
			runOnlyForDeploymentPostprocessing = 0;
			shellPath = /bin/sh;
			shellScript = "diff \"${PODS_PODFILE_DIR_PATH}/Podfile.lock\" \"${PODS_ROOT}/Manifest.lock\" > /dev/null\nif [ $? != 0 ] ; then\n    # print error to STDERR\n    echo \"error: The sandbox is not in sync with the Podfile.lock. Run 'pod install' or update your CocoaPods installation.\" >&2\n    exit 1\nfi\n# This output is used by Xcode 'outputs' to avoid re-running this script phase.\necho \"SUCCESS\" > \"${SCRIPT_OUTPUT_FILE_0}\"\n";
			showEnvVarsInLog = 0;
		};
		D49F4B9C2DAB4D9A91079359 /* [CP] Embed Pods Frameworks */ = {
			isa = PBXShellScriptBuildPhase;
			buildActionMask = 2147483647;
			files = (
			);
			inputFileListPaths = (
				"${PODS_ROOT}/Target Support Files/Pods-ScalioTest/Pods-ScalioTest-frameworks-${CONFIGURATION}-input-files.xcfilelist",
			);
			name = "[CP] Embed Pods Frameworks";
			outputFileListPaths = (
				"${PODS_ROOT}/Target Support Files/Pods-ScalioTest/Pods-ScalioTest-frameworks-${CONFIGURATION}-output-files.xcfilelist",
			);
			runOnlyForDeploymentPostprocessing = 0;
			shellPath = /bin/sh;
			shellScript = "\"${PODS_ROOT}/Target Support Files/Pods-ScalioTest/Pods-ScalioTest-frameworks.sh\"\n";
			showEnvVarsInLog = 0;
		};
		FC4F34734E6E7C9BAA6F65BF /* [CP] Embed Pods Frameworks */ = {
			isa = PBXShellScriptBuildPhase;
			buildActionMask = 2147483647;
			files = (
			);
			inputFileListPaths = (
				"${PODS_ROOT}/Target Support Files/Pods-ScalioTest-ScalioTestUITests/Pods-ScalioTest-ScalioTestUITests-frameworks-${CONFIGURATION}-input-files.xcfilelist",
			);
			name = "[CP] Embed Pods Frameworks";
			outputFileListPaths = (
				"${PODS_ROOT}/Target Support Files/Pods-ScalioTest-ScalioTestUITests/Pods-ScalioTest-ScalioTestUITests-frameworks-${CONFIGURATION}-output-files.xcfilelist",
			);
			runOnlyForDeploymentPostprocessing = 0;
			shellPath = /bin/sh;
			shellScript = "\"${PODS_ROOT}/Target Support Files/Pods-ScalioTest-ScalioTestUITests/Pods-ScalioTest-ScalioTestUITests-frameworks.sh\"\n";
			showEnvVarsInLog = 0;
		};
/* End PBXShellScriptBuildPhase section */

/* Begin PBXSourcesBuildPhase section */
		AFB76D7028076F13003D9365 /* Sources */ = {
			isa = PBXSourcesBuildPhase;
			buildActionMask = 2147483647;
			files = (
				AF6C14F0280C5F7700482437 /* ConnectivityErr.swift in Sources */,
				AFB76D7C28076F13003D9365 /* HomeViewController.swift in Sources */,
				AF6C14F4280C9A8D00482437 /* PageController.swift in Sources */,
				AF6C14F2280C8A8500482437 /* UserCellViewModel.swift in Sources */,
				AF6C14E1280B066F00482437 /* GitAPI.swift in Sources */,
				AF6C14EC280C599F00482437 /* GitData.swift in Sources */,
				AF6C14E6280B1DBF00482437 /* GitProfileModel.swift in Sources */,
				AF74831B2820797600769A76 /* Constants.swift in Sources */,
				AF6C14F6280D937E00482437 /* HomeViewModel.swift in Sources */,
				AF6C14EE280C5DD700482437 /* Errors.swift in Sources */,
				AF6C14EA280C33F400482437 /* ResultTableViewCell.swift in Sources */,
				AFB76D7828076F13003D9365 /* AppDelegate.swift in Sources */,
				AF6C14E3280B19FA00482437 /* GitProfileParser.swift in Sources */,
			);
			runOnlyForDeploymentPostprocessing = 0;
		};
		AFB76D8628076F17003D9365 /* Sources */ = {
			isa = PBXSourcesBuildPhase;
			buildActionMask = 2147483647;
			files = (
				AF0421B128227276001DF919 /* NetworkTests.swift in Sources */,
				AFB76D8F28076F17003D9365 /* ScalioTestTests.swift in Sources */,
			);
			runOnlyForDeploymentPostprocessing = 0;
		};
		AFB76D9028076F17003D9365 /* Sources */ = {
			isa = PBXSourcesBuildPhase;
			buildActionMask = 2147483647;
			files = (
				AFB76D9928076F17003D9365 /* ScalioTestUITests.swift in Sources */,
				AFB76D9B28076F17003D9365 /* ScalioTestUITestsLaunchTests.swift in Sources */,
			);
			runOnlyForDeploymentPostprocessing = 0;
		};
/* End PBXSourcesBuildPhase section */

/* Begin PBXTargetDependency section */
		AFB76D8C28076F17003D9365 /* PBXTargetDependency */ = {
			isa = PBXTargetDependency;
			target = AFB76D7328076F13003D9365 /* ScalioTest */;
			targetProxy = AFB76D8B28076F17003D9365 /* PBXContainerItemProxy */;
		};
		AFB76D9628076F17003D9365 /* PBXTargetDependency */ = {
			isa = PBXTargetDependency;
			target = AFB76D7328076F13003D9365 /* ScalioTest */;
			targetProxy = AFB76D9528076F17003D9365 /* PBXContainerItemProxy */;
		};
/* End PBXTargetDependency section */

/* Begin PBXVariantGroup section */
		AFB76D8228076F16003D9365 /* LaunchScreen.storyboard */ = {
			isa = PBXVariantGroup;
			children = (
				AFB76D8328076F16003D9365 /* Base */,
			);
			name = LaunchScreen.storyboard;
			sourceTree = "<group>";
		};
/* End PBXVariantGroup section */

/* Begin XCBuildConfiguration section */
		AFB76D9C28076F17003D9365 /* Debug */ = {
			isa = XCBuildConfiguration;
			buildSettings = {
				ALWAYS_SEARCH_USER_PATHS = NO;
				CLANG_ANALYZER_NONNULL = YES;
				CLANG_ANALYZER_NUMBER_OBJECT_CONVERSION = YES_AGGRESSIVE;
				CLANG_CXX_LANGUAGE_STANDARD = "gnu++17";
				CLANG_ENABLE_MODULES = YES;
				CLANG_ENABLE_OBJC_ARC = YES;
				CLANG_ENABLE_OBJC_WEAK = YES;
				CLANG_WARN_BLOCK_CAPTURE_AUTORELEASING = YES;
				CLANG_WARN_BOOL_CONVERSION = YES;
				CLANG_WARN_COMMA = YES;
				CLANG_WARN_CONSTANT_CONVERSION = YES;
				CLANG_WARN_DEPRECATED_OBJC_IMPLEMENTATIONS = YES;
				CLANG_WARN_DIRECT_OBJC_ISA_USAGE = YES_ERROR;
				CLANG_WARN_DOCUMENTATION_COMMENTS = YES;
				CLANG_WARN_EMPTY_BODY = YES;
				CLANG_WARN_ENUM_CONVERSION = YES;
				CLANG_WARN_INFINITE_RECURSION = YES;
				CLANG_WARN_INT_CONVERSION = YES;
				CLANG_WARN_NON_LITERAL_NULL_CONVERSION = YES;
				CLANG_WARN_OBJC_IMPLICIT_RETAIN_SELF = YES;
				CLANG_WARN_OBJC_LITERAL_CONVERSION = YES;
				CLANG_WARN_OBJC_ROOT_CLASS = YES_ERROR;
				CLANG_WARN_QUOTED_INCLUDE_IN_FRAMEWORK_HEADER = YES;
				CLANG_WARN_RANGE_LOOP_ANALYSIS = YES;
				CLANG_WARN_STRICT_PROTOTYPES = YES;
				CLANG_WARN_SUSPICIOUS_MOVE = YES;
				CLANG_WARN_UNGUARDED_AVAILABILITY = YES_AGGRESSIVE;
				CLANG_WARN_UNREACHABLE_CODE = YES;
				CLANG_WARN__DUPLICATE_METHOD_MATCH = YES;
				COPY_PHASE_STRIP = NO;
				DEBUG_INFORMATION_FORMAT = dwarf;
				ENABLE_STRICT_OBJC_MSGSEND = YES;
				ENABLE_TESTABILITY = YES;
				GCC_C_LANGUAGE_STANDARD = gnu11;
				GCC_DYNAMIC_NO_PIC = NO;
				GCC_NO_COMMON_BLOCKS = YES;
				GCC_OPTIMIZATION_LEVEL = 0;
				GCC_PREPROCESSOR_DEFINITIONS = (
					"DEBUG=1",
					"$(inherited)",
				);
				GCC_WARN_64_TO_32_BIT_CONVERSION = YES;
				GCC_WARN_ABOUT_RETURN_TYPE = YES_ERROR;
				GCC_WARN_UNDECLARED_SELECTOR = YES;
				GCC_WARN_UNINITIALIZED_AUTOS = YES_AGGRESSIVE;
				GCC_WARN_UNUSED_FUNCTION = YES;
				GCC_WARN_UNUSED_VARIABLE = YES;
				IPHONEOS_DEPLOYMENT_TARGET = 15.4;
				MTL_ENABLE_DEBUG_INFO = INCLUDE_SOURCE;
				MTL_FAST_MATH = YES;
				ONLY_ACTIVE_ARCH = YES;
				SDKROOT = iphoneos;
				SWIFT_ACTIVE_COMPILATION_CONDITIONS = DEBUG;
				SWIFT_OPTIMIZATION_LEVEL = "-Onone";
			};
			name = Debug;
		};
		AFB76D9D28076F17003D9365 /* Release */ = {
			isa = XCBuildConfiguration;
			buildSettings = {
				ALWAYS_SEARCH_USER_PATHS = NO;
				CLANG_ANALYZER_NONNULL = YES;
				CLANG_ANALYZER_NUMBER_OBJECT_CONVERSION = YES_AGGRESSIVE;
				CLANG_CXX_LANGUAGE_STANDARD = "gnu++17";
				CLANG_ENABLE_MODULES = YES;
				CLANG_ENABLE_OBJC_ARC = YES;
				CLANG_ENABLE_OBJC_WEAK = YES;
				CLANG_WARN_BLOCK_CAPTURE_AUTORELEASING = YES;
				CLANG_WARN_BOOL_CONVERSION = YES;
				CLANG_WARN_COMMA = YES;
				CLANG_WARN_CONSTANT_CONVERSION = YES;
				CLANG_WARN_DEPRECATED_OBJC_IMPLEMENTATIONS = YES;
				CLANG_WARN_DIRECT_OBJC_ISA_USAGE = YES_ERROR;
				CLANG_WARN_DOCUMENTATION_COMMENTS = YES;
				CLANG_WARN_EMPTY_BODY = YES;
				CLANG_WARN_ENUM_CONVERSION = YES;
				CLANG_WARN_INFINITE_RECURSION = YES;
				CLANG_WARN_INT_CONVERSION = YES;
				CLANG_WARN_NON_LITERAL_NULL_CONVERSION = YES;
				CLANG_WARN_OBJC_IMPLICIT_RETAIN_SELF = YES;
				CLANG_WARN_OBJC_LITERAL_CONVERSION = YES;
				CLANG_WARN_OBJC_ROOT_CLASS = YES_ERROR;
				CLANG_WARN_QUOTED_INCLUDE_IN_FRAMEWORK_HEADER = YES;
				CLANG_WARN_RANGE_LOOP_ANALYSIS = YES;
				CLANG_WARN_STRICT_PROTOTYPES = YES;
				CLANG_WARN_SUSPICIOUS_MOVE = YES;
				CLANG_WARN_UNGUARDED_AVAILABILITY = YES_AGGRESSIVE;
				CLANG_WARN_UNREACHABLE_CODE = YES;
				CLANG_WARN__DUPLICATE_METHOD_MATCH = YES;
				COPY_PHASE_STRIP = NO;
				DEBUG_INFORMATION_FORMAT = "dwarf-with-dsym";
				ENABLE_NS_ASSERTIONS = NO;
				ENABLE_STRICT_OBJC_MSGSEND = YES;
				GCC_C_LANGUAGE_STANDARD = gnu11;
				GCC_NO_COMMON_BLOCKS = YES;
				GCC_WARN_64_TO_32_BIT_CONVERSION = YES;
				GCC_WARN_ABOUT_RETURN_TYPE = YES_ERROR;
				GCC_WARN_UNDECLARED_SELECTOR = YES;
				GCC_WARN_UNINITIALIZED_AUTOS = YES_AGGRESSIVE;
				GCC_WARN_UNUSED_FUNCTION = YES;
				GCC_WARN_UNUSED_VARIABLE = YES;
				IPHONEOS_DEPLOYMENT_TARGET = 15.4;
				MTL_ENABLE_DEBUG_INFO = NO;
				MTL_FAST_MATH = YES;
				SDKROOT = iphoneos;
				SWIFT_COMPILATION_MODE = wholemodule;
				SWIFT_OPTIMIZATION_LEVEL = "-O";
				VALIDATE_PRODUCT = YES;
			};
			name = Release;
		};
		AFB76D9F28076F17003D9365 /* Debug */ = {
			isa = XCBuildConfiguration;
			baseConfigurationReference = 6B3F22A94B8B6DA5E441236F /* Pods-ScalioTest.debug.xcconfig */;
			buildSettings = {
				ASSETCATALOG_COMPILER_APPICON_NAME = AppIcon;
				ASSETCATALOG_COMPILER_GLOBAL_ACCENT_COLOR_NAME = AccentColor;
				CODE_SIGN_STYLE = Automatic;
				CURRENT_PROJECT_VERSION = 1;
				DEVELOPMENT_TEAM = 6X5G2252G5;
				GENERATE_INFOPLIST_FILE = YES;
				INFOPLIST_FILE = ScalioTest/Info.plist;
				INFOPLIST_KEY_UIApplicationSupportsIndirectInputEvents = YES;
				INFOPLIST_KEY_UILaunchStoryboardName = LaunchScreen;
				INFOPLIST_KEY_UISupportedInterfaceOrientations_iPad = "UIInterfaceOrientationPortrait UIInterfaceOrientationPortraitUpsideDown UIInterfaceOrientationLandscapeLeft UIInterfaceOrientationLandscapeRight";
				INFOPLIST_KEY_UISupportedInterfaceOrientations_iPhone = "UIInterfaceOrientationPortrait UIInterfaceOrientationLandscapeLeft UIInterfaceOrientationLandscapeRight";
				INFOPLIST_KEY_UIUserInterfaceStyle = Light;
				LD_RUNPATH_SEARCH_PATHS = (
					"$(inherited)",
					"@executable_path/Frameworks",
				);
				MARKETING_VERSION = 1.0;
				PRODUCT_BUNDLE_IDENTIFIER = H.F.ScalioTest;
				PRODUCT_NAME = "$(TARGET_NAME)";
				SWIFT_EMIT_LOC_STRINGS = YES;
				SWIFT_VERSION = 5.0;
				TARGETED_DEVICE_FAMILY = "1,2";
			};
			name = Debug;
		};
		AFB76DA028076F17003D9365 /* Release */ = {
			isa = XCBuildConfiguration;
			baseConfigurationReference = 34D444B1C8A12011E8E4D0C3 /* Pods-ScalioTest.release.xcconfig */;
			buildSettings = {
				ASSETCATALOG_COMPILER_APPICON_NAME = AppIcon;
				ASSETCATALOG_COMPILER_GLOBAL_ACCENT_COLOR_NAME = AccentColor;
				CODE_SIGN_STYLE = Automatic;
				CURRENT_PROJECT_VERSION = 1;
				DEVELOPMENT_TEAM = 6X5G2252G5;
				GENERATE_INFOPLIST_FILE = YES;
				INFOPLIST_FILE = ScalioTest/Info.plist;
				INFOPLIST_KEY_UIApplicationSupportsIndirectInputEvents = YES;
				INFOPLIST_KEY_UILaunchStoryboardName = LaunchScreen;
				INFOPLIST_KEY_UISupportedInterfaceOrientations_iPad = "UIInterfaceOrientationPortrait UIInterfaceOrientationPortraitUpsideDown UIInterfaceOrientationLandscapeLeft UIInterfaceOrientationLandscapeRight";
				INFOPLIST_KEY_UISupportedInterfaceOrientations_iPhone = "UIInterfaceOrientationPortrait UIInterfaceOrientationLandscapeLeft UIInterfaceOrientationLandscapeRight";
				INFOPLIST_KEY_UIUserInterfaceStyle = Light;
				LD_RUNPATH_SEARCH_PATHS = (
					"$(inherited)",
					"@executable_path/Frameworks",
				);
				MARKETING_VERSION = 1.0;
				PRODUCT_BUNDLE_IDENTIFIER = H.F.ScalioTest;
				PRODUCT_NAME = "$(TARGET_NAME)";
				SWIFT_EMIT_LOC_STRINGS = YES;
				SWIFT_VERSION = 5.0;
				TARGETED_DEVICE_FAMILY = "1,2";
			};
			name = Release;
		};
		AFB76DA228076F17003D9365 /* Debug */ = {
			isa = XCBuildConfiguration;
			baseConfigurationReference = FDBEF53E81F884A28CE29A26 /* Pods-ScalioTestTests.debug.xcconfig */;
			buildSettings = {
				ALWAYS_EMBED_SWIFT_STANDARD_LIBRARIES = YES;
				BUNDLE_LOADER = "$(TEST_HOST)";
				CODE_SIGN_STYLE = Automatic;
				CURRENT_PROJECT_VERSION = 1;
				DEVELOPMENT_TEAM = 6X5G2252G5;
				GENERATE_INFOPLIST_FILE = YES;
				IPHONEOS_DEPLOYMENT_TARGET = 15.4;
				MARKETING_VERSION = 1.0;
				PRODUCT_BUNDLE_IDENTIFIER = H.F.ScalioTestTests;
				PRODUCT_NAME = "$(TARGET_NAME)";
				SWIFT_EMIT_LOC_STRINGS = NO;
				SWIFT_VERSION = 5.0;
				TARGETED_DEVICE_FAMILY = "1,2";
				TEST_HOST = "$(BUILT_PRODUCTS_DIR)/ScalioTest.app/ScalioTest";
			};
			name = Debug;
		};
		AFB76DA328076F17003D9365 /* Release */ = {
			isa = XCBuildConfiguration;
			baseConfigurationReference = 3B7799FD1CA617FDBFD234EE /* Pods-ScalioTestTests.release.xcconfig */;
			buildSettings = {
				ALWAYS_EMBED_SWIFT_STANDARD_LIBRARIES = YES;
				BUNDLE_LOADER = "$(TEST_HOST)";
				CODE_SIGN_STYLE = Automatic;
				CURRENT_PROJECT_VERSION = 1;
				DEVELOPMENT_TEAM = 6X5G2252G5;
				GENERATE_INFOPLIST_FILE = YES;
				IPHONEOS_DEPLOYMENT_TARGET = 15.4;
				MARKETING_VERSION = 1.0;
				PRODUCT_BUNDLE_IDENTIFIER = H.F.ScalioTestTests;
				PRODUCT_NAME = "$(TARGET_NAME)";
				SWIFT_EMIT_LOC_STRINGS = NO;
				SWIFT_VERSION = 5.0;
				TARGETED_DEVICE_FAMILY = "1,2";
				TEST_HOST = "$(BUILT_PRODUCTS_DIR)/ScalioTest.app/ScalioTest";
			};
			name = Release;
		};
		AFB76DA528076F17003D9365 /* Debug */ = {
			isa = XCBuildConfiguration;
			baseConfigurationReference = 4F4DFF2834FDD0CAFCA23B10 /* Pods-ScalioTest-ScalioTestUITests.debug.xcconfig */;
			buildSettings = {
				ALWAYS_EMBED_SWIFT_STANDARD_LIBRARIES = YES;
				CODE_SIGN_STYLE = Automatic;
				CURRENT_PROJECT_VERSION = 1;
				DEVELOPMENT_TEAM = 6X5G2252G5;
				GENERATE_INFOPLIST_FILE = YES;
				MARKETING_VERSION = 1.0;
				PRODUCT_BUNDLE_IDENTIFIER = H.F.ScalioTestUITests;
				PRODUCT_NAME = "$(TARGET_NAME)";
				SWIFT_EMIT_LOC_STRINGS = NO;
				SWIFT_VERSION = 5.0;
				TARGETED_DEVICE_FAMILY = "1,2";
				TEST_TARGET_NAME = ScalioTest;
			};
			name = Debug;
		};
		AFB76DA628076F17003D9365 /* Release */ = {
			isa = XCBuildConfiguration;
			baseConfigurationReference = 9A11E9013C25EB39BCD072BC /* Pods-ScalioTest-ScalioTestUITests.release.xcconfig */;
			buildSettings = {
				ALWAYS_EMBED_SWIFT_STANDARD_LIBRARIES = YES;
				CODE_SIGN_STYLE = Automatic;
				CURRENT_PROJECT_VERSION = 1;
				DEVELOPMENT_TEAM = 6X5G2252G5;
				GENERATE_INFOPLIST_FILE = YES;
				MARKETING_VERSION = 1.0;
				PRODUCT_BUNDLE_IDENTIFIER = H.F.ScalioTestUITests;
				PRODUCT_NAME = "$(TARGET_NAME)";
				SWIFT_EMIT_LOC_STRINGS = NO;
				SWIFT_VERSION = 5.0;
				TARGETED_DEVICE_FAMILY = "1,2";
				TEST_TARGET_NAME = ScalioTest;
			};
			name = Release;
		};
/* End XCBuildConfiguration section */

/* Begin XCConfigurationList section */
		AFB76D6F28076F13003D9365 /* Build configuration list for PBXProject "ScalioTest" */ = {
			isa = XCConfigurationList;
			buildConfigurations = (
				AFB76D9C28076F17003D9365 /* Debug */,
				AFB76D9D28076F17003D9365 /* Release */,
			);
			defaultConfigurationIsVisible = 0;
			defaultConfigurationName = Release;
		};
		AFB76D9E28076F17003D9365 /* Build configuration list for PBXNativeTarget "ScalioTest" */ = {
			isa = XCConfigurationList;
			buildConfigurations = (
				AFB76D9F28076F17003D9365 /* Debug */,
				AFB76DA028076F17003D9365 /* Release */,
			);
			defaultConfigurationIsVisible = 0;
			defaultConfigurationName = Release;
		};
		AFB76DA128076F17003D9365 /* Build configuration list for PBXNativeTarget "ScalioTestTests" */ = {
			isa = XCConfigurationList;
			buildConfigurations = (
				AFB76DA228076F17003D9365 /* Debug */,
				AFB76DA328076F17003D9365 /* Release */,
			);
			defaultConfigurationIsVisible = 0;
			defaultConfigurationName = Release;
		};
		AFB76DA428076F17003D9365 /* Build configuration list for PBXNativeTarget "ScalioTestUITests" */ = {
			isa = XCConfigurationList;
			buildConfigurations = (
				AFB76DA528076F17003D9365 /* Debug */,
				AFB76DA628076F17003D9365 /* Release */,
			);
			defaultConfigurationIsVisible = 0;
			defaultConfigurationName = Release;
		};
/* End XCConfigurationList section */
	};
	rootObject = AFB76D6C28076F13003D9365 /* Project object */;
}
